
Microsoft Visual Studio Solution File, Format Version 12.00
# Visual Studio Version 17
VisualStudioVersion = 17.13.35806.99 d17.13
MinimumVisualStudioVersion = 10.0.40219.1
Project("{FAE04EC0-301F-11D3-BF4B-00C04F79EFBC}") = "DocTransAppBeta1", "DocTransAppBeta1\DocTransAppBeta1.csproj", "{B01298A8-3DCE-47A7-910F-5E897C04AEC9}"
EndProject
Global
	GlobalSection(SolutionConfigurationPlatforms) = preSolution
		Debug|Any CPU = Debug|Any CPU
		Debug|x64 = Debug|x64
		Release|Any CPU = Release|Any CPU
		Release|x64 = Release|x64
	EndGlobalSection
	GlobalSection(ProjectConfigurationPlatforms) = postSolution
		{B01298A8-3DCE-47A7-910F-5E897C04AEC9}.Debug|Any CPU.ActiveCfg = Debug|Any CPU
		{B01298A8-3DCE-47A7-910F-5E897C04AEC9}.Debug|Any CPU.Build.0 = Debug|Any CPU
		{B01298A8-3DCE-47A7-910F-5E897C04AEC9}.Debug|x64.ActiveCfg = Debug|x64
		{B01298A8-3DCE-47A7-910F-5E897C04AEC9}.Debug|x64.Build.0 = Debug|x64
		{B01298A8-3DCE-47A7-910F-5E897C04AEC9}.Release|Any CPU.ActiveCfg = Release|Any CPU
		{B01298A8-3DCE-47A7-910F-5E897C04AEC9}.Release|Any CPU.Build.0 = Release|Any CPU
		{B01298A8-3DCE-47A7-910F-5E897C04AEC9}.Release|x64.ActiveCfg = Release|x64
		{B01298A8-3DCE-47A7-910F-5E897C04AEC9}.Release|x64.Build.0 = Release|x64
	EndGlobalSection
	GlobalSection(SolutionProperties) = preSolution
		HideSolutionNode = FALSE
	EndGlobalSection
	GlobalSection(ExtensibilityGlobals) = postSolution
		SolutionGuid = {8BFD7379-4AB8-4BBF-A0FF-081E1839C375}
	EndGlobalSection
EndGlobal
